
Microsoft Visual Studio Solution File, Format Version 12.00
# Visual Studio Version 17
VisualStudioVersion = 17.14.36401.2 d17.14
MinimumVisualStudioVersion = 10.0.40219.1
Project("{FAE04EC0-301F-11D3-BF4B-00C04F79EFBC}") = "MindMirror", "MindMirror\MindMirror.csproj", "{3F1C7B49-85D4-40F9-AC14-30A6A4B5C4B9}"
EndProject
Global
	GlobalSection(SolutionConfigurationPlatforms) = preSolution
		Debug|Any CPU = Debug|Any CPU
		Release|Any CPU = Release|Any CPU
	EndGlobalSection
	GlobalSection(ProjectConfigurationPlatforms) = postSolution
		{3F1C7B49-85D4-40F9-AC14-30A6A4B5C4B9}.Debug|Any CPU.ActiveCfg = Debug|Any CPU
		{3F1C7B49-85D4-40F9-AC14-30A6A4B5C4B9}.Debug|Any CPU.Build.0 = Debug|Any CPU
		{3F1C7B49-85D4-40F9-AC14-30A6A4B5C4B9}.Release|Any CPU.ActiveCfg = Release|Any CPU
		{3F1C7B49-85D4-40F9-AC14-30A6A4B5C4B9}.Release|Any CPU.Build.0 = Release|Any CPU
	EndGlobalSection
	GlobalSection(SolutionProperties) = preSolution
		HideSolutionNode = FALSE
	EndGlobalSection
	GlobalSection(ExtensibilityGlobals) = postSolution
		SolutionGuid = {FE0A8C7E-AA46-4866-8215-39A493342527}
	EndGlobalSection
EndGlobal
